
Microsoft Visual Studio Solution File, Format Version 12.00
# Visual Studio Version 16
VisualStudioVersion = 16.0.31702.278
MinimumVisualStudioVersion = 10.0.40219.1
Project("{9A19103F-16F7-4668-BE54-9A1E7A4F7556}") = "Targil0", "Targil0\Targil0.csproj", "{4D5DB847-EBDB-4EC5-A3C6-0705DAD585D9}"
EndProject
Project("{2150E333-8FDC-42A3-9474-1A3956D46DE8}") = "Solution Items", "Solution Items", "{29214D91-2EAF-4B43-A629-269F8081588B}"
	ProjectSection(SolutionItems) = preProject
		..\README.md = ..\README.md
	EndProjectSection
EndProject
Project("{9A19103F-16F7-4668-BE54-9A1E7A4F7556}") = "ConsoleUI", "ConsoleUI\ConsoleUI.csproj", "{E1BA2643-DB34-4C2D-BFF5-109411A355D3}"
EndProject
Project("{9A19103F-16F7-4668-BE54-9A1E7A4F7556}") = "DAL", "DAL\DAL.csproj", "{05C786CB-9108-442F-A72C-AB756C75F455}"
EndProject
Project("{9A19103F-16F7-4668-BE54-9A1E7A4F7556}") = "BL", "BL\BL.csproj", "{A2EBFD22-075F-488E-83A8-8455A8DB0F9D}"
EndProject
Project("{9A19103F-16F7-4668-BE54-9A1E7A4F7556}") = "ConsoleUI_BL", "ConsoleUI_BL\ConsoleUI_BL.csproj", "{85516E19-4019-47F3-8DF5-F2B7D2DA79BD}"
EndProject
Project("{FAE04EC0-301F-11D3-BF4B-00C04F79EFBC}") = "BL_TestSuite", "BL_TestSuite\BL_TestSuite.csproj", "{5BEE6ACD-5DA1-4335-BD3B-725707BE539C}"
EndProject
Global
	GlobalSection(SolutionConfigurationPlatforms) = preSolution
		Debug|Any CPU = Debug|Any CPU
		Release|Any CPU = Release|Any CPU
	EndGlobalSection
	GlobalSection(ProjectConfigurationPlatforms) = postSolution
		{4D5DB847-EBDB-4EC5-A3C6-0705DAD585D9}.Debug|Any CPU.ActiveCfg = Debug|Any CPU
		{4D5DB847-EBDB-4EC5-A3C6-0705DAD585D9}.Debug|Any CPU.Build.0 = Debug|Any CPU
		{4D5DB847-EBDB-4EC5-A3C6-0705DAD585D9}.Release|Any CPU.ActiveCfg = Release|Any CPU
		{4D5DB847-EBDB-4EC5-A3C6-0705DAD585D9}.Release|Any CPU.Build.0 = Release|Any CPU
		{E1BA2643-DB34-4C2D-BFF5-109411A355D3}.Debug|Any CPU.ActiveCfg = Debug|Any CPU
		{E1BA2643-DB34-4C2D-BFF5-109411A355D3}.Debug|Any CPU.Build.0 = Debug|Any CPU
		{E1BA2643-DB34-4C2D-BFF5-109411A355D3}.Release|Any CPU.ActiveCfg = Release|Any CPU
		{E1BA2643-DB34-4C2D-BFF5-109411A355D3}.Release|Any CPU.Build.0 = Release|Any CPU
		{05C786CB-9108-442F-A72C-AB756C75F455}.Debug|Any CPU.ActiveCfg = Debug|Any CPU
		{05C786CB-9108-442F-A72C-AB756C75F455}.Debug|Any CPU.Build.0 = Debug|Any CPU
		{05C786CB-9108-442F-A72C-AB756C75F455}.Release|Any CPU.ActiveCfg = Release|Any CPU
		{05C786CB-9108-442F-A72C-AB756C75F455}.Release|Any CPU.Build.0 = Release|Any CPU
		{A2EBFD22-075F-488E-83A8-8455A8DB0F9D}.Debug|Any CPU.ActiveCfg = Debug|Any CPU
		{A2EBFD22-075F-488E-83A8-8455A8DB0F9D}.Debug|Any CPU.Build.0 = Debug|Any CPU
		{A2EBFD22-075F-488E-83A8-8455A8DB0F9D}.Release|Any CPU.ActiveCfg = Release|Any CPU
		{A2EBFD22-075F-488E-83A8-8455A8DB0F9D}.Release|Any CPU.Build.0 = Release|Any CPU
		{85516E19-4019-47F3-8DF5-F2B7D2DA79BD}.Debug|Any CPU.ActiveCfg = Debug|Any CPU
		{85516E19-4019-47F3-8DF5-F2B7D2DA79BD}.Debug|Any CPU.Build.0 = Debug|Any CPU
		{85516E19-4019-47F3-8DF5-F2B7D2DA79BD}.Release|Any CPU.ActiveCfg = Release|Any CPU
		{85516E19-4019-47F3-8DF5-F2B7D2DA79BD}.Release|Any CPU.Build.0 = Release|Any CPU
		{5BEE6ACD-5DA1-4335-BD3B-725707BE539C}.Debug|Any CPU.ActiveCfg = Debug|Any CPU
		{5BEE6ACD-5DA1-4335-BD3B-725707BE539C}.Debug|Any CPU.Build.0 = Debug|Any CPU
		{5BEE6ACD-5DA1-4335-BD3B-725707BE539C}.Release|Any CPU.ActiveCfg = Release|Any CPU
		{5BEE6ACD-5DA1-4335-BD3B-725707BE539C}.Release|Any CPU.Build.0 = Release|Any CPU
	EndGlobalSection
	GlobalSection(SolutionProperties) = preSolution
		HideSolutionNode = FALSE
	EndGlobalSection
	GlobalSection(ExtensibilityGlobals) = postSolution
		SolutionGuid = {492423FD-E2AB-4C7E-A1FB-93EF6F6F1E72}
	EndGlobalSection
EndGlobal
